
Microsoft Visual Studio Solution File, Format Version 12.00
# Visual Studio 15
VisualStudioVersion = 15.0.26730.8
MinimumVisualStudioVersion = 10.0.40219.1
Project("{FAE04EC0-301F-11D3-BF4B-00C04F79EFBC}") = "DllRefChanger", "DllRefChanger\DllRefChanger.csproj", "{683F3E17-9DC3-4B5E-AB7E-EC46E869CDAB}"
EndProject
Project("{FAE04EC0-301F-11D3-BF4B-00C04F79EFBC}") = "DllRefChangerVSIX", "DllRefChangerVSIX\DllRefChangerVSIX.csproj", "{01CC94E3-17D2-4C03-8A57-CE17AF940815}"
EndProject
Project("{FAE04EC0-301F-11D3-BF4B-00C04F79EFBC}") = "DllRefChangerSettingView", "DllRefChangerSettingView\DllRefChangerSettingView.csproj", "{9596287B-2018-485E-8C73-CBF26DF4CE8A}"
EndProject
Global
	GlobalSection(SolutionConfigurationPlatforms) = preSolution
		Debug|Any CPU = Debug|Any CPU
		Release|Any CPU = Release|Any CPU
	EndGlobalSection
	GlobalSection(ProjectConfigurationPlatforms) = postSolution
		{683F3E17-9DC3-4B5E-AB7E-EC46E869CDAB}.Debug|Any CPU.ActiveCfg = Debug|Any CPU
		{683F3E17-9DC3-4B5E-AB7E-EC46E869CDAB}.Debug|Any CPU.Build.0 = Debug|Any CPU
		{683F3E17-9DC3-4B5E-AB7E-EC46E869CDAB}.Release|Any CPU.ActiveCfg = Release|Any CPU
		{683F3E17-9DC3-4B5E-AB7E-EC46E869CDAB}.Release|Any CPU.Build.0 = Release|Any CPU
		{01CC94E3-17D2-4C03-8A57-CE17AF940815}.Debug|Any CPU.ActiveCfg = Debug|Any CPU
		{01CC94E3-17D2-4C03-8A57-CE17AF940815}.Debug|Any CPU.Build.0 = Debug|Any CPU
		{01CC94E3-17D2-4C03-8A57-CE17AF940815}.Release|Any CPU.ActiveCfg = Release|Any CPU
		{01CC94E3-17D2-4C03-8A57-CE17AF940815}.Release|Any CPU.Build.0 = Release|Any CPU
		{9596287B-2018-485E-8C73-CBF26DF4CE8A}.Debug|Any CPU.ActiveCfg = Debug|Any CPU
		{9596287B-2018-485E-8C73-CBF26DF4CE8A}.Debug|Any CPU.Build.0 = Debug|Any CPU
		{9596287B-2018-485E-8C73-CBF26DF4CE8A}.Release|Any CPU.ActiveCfg = Release|Any CPU
		{9596287B-2018-485E-8C73-CBF26DF4CE8A}.Release|Any CPU.Build.0 = Release|Any CPU
	EndGlobalSection
	GlobalSection(SolutionProperties) = preSolution
		HideSolutionNode = FALSE
	EndGlobalSection
	GlobalSection(ExtensibilityGlobals) = postSolution
		SolutionGuid = {222862BF-63F0-47E8-8243-F786FDF43547}
	EndGlobalSection
EndGlobal
